
Microsoft Visual Studio Solution File, Format Version 12.00
# Visual Studio Version 17
VisualStudioVersion = 17.8.34316.72
MinimumVisualStudioVersion = 10.0.40219.1
Project("{FAE04EC0-301F-11D3-BF4B-00C04F79EFBC}") = "EmployeeTaskManagementSystem", "EmployeeTaskManagementSystem\EmployeeTaskManagementSystem.csproj", "{1E619E34-0F1C-4AF9-9EDC-5E6787CE6295}"
EndProject
Global
	GlobalSection(SolutionConfigurationPlatforms) = preSolution
		Debug|Any CPU = Debug|Any CPU
		Release|Any CPU = Release|Any CPU
	EndGlobalSection
	GlobalSection(ProjectConfigurationPlatforms) = postSolution
		{1E619E34-0F1C-4AF9-9EDC-5E6787CE6295}.Debug|Any CPU.ActiveCfg = Debug|Any CPU
		{1E619E34-0F1C-4AF9-9EDC-5E6787CE6295}.Debug|Any CPU.Build.0 = Debug|Any CPU
		{1E619E34-0F1C-4AF9-9EDC-5E6787CE6295}.Release|Any CPU.ActiveCfg = Release|Any CPU
		{1E619E34-0F1C-4AF9-9EDC-5E6787CE6295}.Release|Any CPU.Build.0 = Release|Any CPU
	EndGlobalSection
	GlobalSection(SolutionProperties) = preSolution
		HideSolutionNode = FALSE
	EndGlobalSection
	GlobalSection(ExtensibilityGlobals) = postSolution
		SolutionGuid = {C125961B-5BA4-4D7B-A534-338812261D2C}
	EndGlobalSection
EndGlobal
